# This file is automatically @generated by Wally.
# It is not intended for manual editing.
registry = "test"

[[package]]
name = "alicesaidhi/jabby"
version = "0.2.3"
dependencies = [["jecs", "ukendio/jecs@0.6.1"], ["pebble", "alicesaidhi/pebble@0.1.2"], ["vide", "centau/vide@0.3.1"]]

[[package]]
name = "alicesaidhi/jabby"
version = "0.3.1"
dependencies = [["jecs", "ukendio/jecs@0.8.3"], ["pebble", "alicesaidhi/pebble@0.1.2"], ["vide", "centau/vide@0.3.1"]]

[[package]]
name = "alicesaidhi/pebble"
version = "0.1.2"
dependencies = [["vide", "centau/vide@0.3.1"]]

[[package]]
name = "centau/vide"
version = "0.3.1"
dependencies = []

[[package]]
name = "cody-nelson/promise"
version = "4.0.1"
dependencies = []

[[package]]
name = "ileft/ecs-template"
version = "0.1.0"
dependencies = [["Planck", "yetanotherclown/planck@0.2.0"], ["PlanckJabby", "yetanotherclown/planck-jabby@0.2.0"], ["PlanckRunService", "yetanotherclown/planck-runservice@0.2.0"], ["jabby", "alicesaidhi/jabby@0.2.3"], ["jecs", "ukendio/jecs@0.6.1"], ["promise", "cody-nelson/promise@4.0.1"]]

[[package]]
name = "ukendio/jecs"
version = "0.6.1"
dependencies = []

[[package]]
name = "ukendio/jecs"
version = "0.8.3"
dependencies = []

[[package]]
name = "yetanotherclown/planck"
version = "0.2.0"
dependencies = []

[[package]]
name = "yetanotherclown/planck-jabby"
version = "0.2.0"
dependencies = [["Jabby", "alicesaidhi/jabby@0.3.1"]]

[[package]]
name = "yetanotherclown/planck-runservice"
version = "0.2.0"
dependencies = [["Planck", "yetanotherclown/planck@0.2.0"]]
